// !$*UTF8*$!
{
	archiveVersion = 1;
	classes = {
	};
	objectVersion = 56;
	objects = {

/* Begin PBXBuildFile section */
		A10001 /* IronCoreApp.swift in Sources */ = {isa = PBXBuildFile; fileRef = B10001; };
		A10002 /* RootView.swift in Sources */ = {isa = PBXBuildFile; fileRef = B10002; };
		A10003 /* Colors.swift in Sources */ = {isa = PBXBuildFile; fileRef = B10003; };
		A10004 /* GlassModifiers.swift in Sources */ = {isa = PBXBuildFile; fileRef = B10004; };
		A10005 /* UserProfile.swift in Sources */ = {isa = PBXBuildFile; fileRef = B10005; };
		A10006 /* AuthService.swift in Sources */ = {isa = PBXBuildFile; fileRef = B10006; };
		A10007 /* FirestoreService.swift in Sources */ = {isa = PBXBuildFile; fileRef = B10007; };
		A10008 /* AuthViewModel.swift in Sources */ = {isa = PBXBuildFile; fileRef = B10008; };
		A10009 /* OnboardingViewModel.swift in Sources */ = {isa = PBXBuildFile; fileRef = B10009; };
		A10010 /* LoginView.swift in Sources */ = {isa = PBXBuildFile; fileRef = B10010; };
		A10011 /* OnboardingView.swift in Sources */ = {isa = PBXBuildFile; fileRef = B10011; };
		A10012 /* MainTabView.swift in Sources */ = {isa = PBXBuildFile; fileRef = B10012; };
		A10013 /* GoogleService-Info.plist in Resources */ = {isa = PBXBuildFile; fileRef = B10013; };
		A10014 /* StoreKitService.swift in Sources */ = {isa = PBXBuildFile; fileRef = B10014; };
		A10015 /* PremiumViewModel.swift in Sources */ = {isa = PBXBuildFile; fileRef = B10015; };
		A10016 /* DashboardViewModel.swift in Sources */ = {isa = PBXBuildFile; fileRef = B10016; };
		A10017 /* DashboardView.swift in Sources */ = {isa = PBXBuildFile; fileRef = B10017; };
		A10018 /* ExerciseDB.swift in Sources */ = {isa = PBXBuildFile; fileRef = B10018; };
		A10019 /* WorkoutViewModel.swift in Sources */ = {isa = PBXBuildFile; fileRef = B10019; };
		A10020 /* WorkoutView.swift in Sources */ = {isa = PBXBuildFile; fileRef = B10020; };
		A10021 /* NutritionViewModel.swift in Sources */ = {isa = PBXBuildFile; fileRef = B10021; };
		A10022 /* NutritionView.swift in Sources */ = {isa = PBXBuildFile; fileRef = B10022; };
		A20001 /* FirebaseAuth in Frameworks */ = {isa = PBXBuildFile; productRef = C20001; };
		A20002 /* FirebaseFirestore in Frameworks */ = {isa = PBXBuildFile; productRef = C20002; };
		A20003 /* FirebaseStorage in Frameworks */ = {isa = PBXBuildFile; productRef = C20003; };
		A20004 /* FirebaseFunctions in Frameworks */ = {isa = PBXBuildFile; productRef = C20004; };
/* End PBXBuildFile section */

/* Begin PBXFileReference section */
		B10000 /* IronCore.app */ = {isa = PBXFileReference; explicitFileType = wrapper.application; includeInIndex = 0; path = IronCore.app; sourceTree = BUILT_PRODUCTS_DIR; };
		B10001 /* IronCoreApp.swift */ = {isa = PBXFileReference; lastKnownFileType = sourcecode.swift; path = IronCoreApp.swift; sourceTree = "<group>"; };
		B10002 /* RootView.swift */ = {isa = PBXFileReference; lastKnownFileType = sourcecode.swift; path = RootView.swift; sourceTree = "<group>"; };
		B10003 /* Colors.swift */ = {isa = PBXFileReference; lastKnownFileType = sourcecode.swift; path = Colors.swift; sourceTree = "<group>"; };
		B10004 /* GlassModifiers.swift */ = {isa = PBXFileReference; lastKnownFileType = sourcecode.swift; path = GlassModifiers.swift; sourceTree = "<group>"; };
		B10005 /* UserProfile.swift */ = {isa = PBXFileReference; lastKnownFileType = sourcecode.swift; path = UserProfile.swift; sourceTree = "<group>"; };
		B10006 /* AuthService.swift */ = {isa = PBXFileReference; lastKnownFileType = sourcecode.swift; path = AuthService.swift; sourceTree = "<group>"; };
		B10007 /* FirestoreService.swift */ = {isa = PBXFileReference; lastKnownFileType = sourcecode.swift; path = FirestoreService.swift; sourceTree = "<group>"; };
		B10008 /* AuthViewModel.swift */ = {isa = PBXFileReference; lastKnownFileType = sourcecode.swift; path = AuthViewModel.swift; sourceTree = "<group>"; };
		B10009 /* OnboardingViewModel.swift */ = {isa = PBXFileReference; lastKnownFileType = sourcecode.swift; path = OnboardingViewModel.swift; sourceTree = "<group>"; };
		B10010 /* LoginView.swift */ = {isa = PBXFileReference; lastKnownFileType = sourcecode.swift; path = LoginView.swift; sourceTree = "<group>"; };
		B10011 /* OnboardingView.swift */ = {isa = PBXFileReference; lastKnownFileType = sourcecode.swift; path = OnboardingView.swift; sourceTree = "<group>"; };
		B10012 /* MainTabView.swift */ = {isa = PBXFileReference; lastKnownFileType = sourcecode.swift; path = MainTabView.swift; sourceTree = "<group>"; };
		B10013 /* GoogleService-Info.plist */ = {isa = PBXFileReference; lastKnownFileType = text.plist.xml; path = "GoogleService-Info.plist"; sourceTree = "<group>"; };
		B10014 /* StoreKitService.swift */ = {isa = PBXFileReference; lastKnownFileType = sourcecode.swift; path = StoreKitService.swift; sourceTree = "<group>"; };
		B10015 /* PremiumViewModel.swift */ = {isa = PBXFileReference; lastKnownFileType = sourcecode.swift; path = PremiumViewModel.swift; sourceTree = "<group>"; };
		B10016 /* DashboardViewModel.swift */ = {isa = PBXFileReference; lastKnownFileType = sourcecode.swift; path = DashboardViewModel.swift; sourceTree = "<group>"; };
		B10017 /* DashboardView.swift */ = {isa = PBXFileReference; lastKnownFileType = sourcecode.swift; path = DashboardView.swift; sourceTree = "<group>"; };
		B10018 /* ExerciseDB.swift */ = {isa = PBXFileReference; lastKnownFileType = sourcecode.swift; path = ExerciseDB.swift; sourceTree = "<group>"; };
		B10019 /* WorkoutViewModel.swift */ = {isa = PBXFileReference; lastKnownFileType = sourcecode.swift; path = WorkoutViewModel.swift; sourceTree = "<group>"; };
		B10020 /* WorkoutView.swift */ = {isa = PBXFileReference; lastKnownFileType = sourcecode.swift; path = WorkoutView.swift; sourceTree = "<group>"; };
		B10021 /* NutritionViewModel.swift */ = {isa = PBXFileReference; lastKnownFileType = sourcecode.swift; path = NutritionViewModel.swift; sourceTree = "<group>"; };
		B10022 /* NutritionView.swift */ = {isa = PBXFileReference; lastKnownFileType = sourcecode.swift; path = NutritionView.swift; sourceTree = "<group>"; };
/* End PBXFileReference section */

/* Begin PBXFrameworksBuildPhase section */
		D10001 /* Frameworks */ = {
			isa = PBXFrameworksBuildPhase;
			buildActionMask = 2147483647;
			files = (
				A20001 /* FirebaseAuth in Frameworks */,
				A20002 /* FirebaseFirestore in Frameworks */,
				A20003 /* FirebaseStorage in Frameworks */,
				A20004 /* FirebaseFunctions in Frameworks */,
			);
			runOnlyForDeploymentPostprocessing = 0;
		};
/* End PBXFrameworksBuildPhase section */

/* Begin PBXGroup section */
		E10000 = {
			isa = PBXGroup;
			children = (
				E10001 /* IronCore */,
				E10099 /* Products */,
			);
			sourceTree = "<group>";
		};
		E10001 /* IronCore */ = {
			isa = PBXGroup;
			children = (
				E10010 /* App */,
				E10020 /* Views */,
				E10030 /* ViewModels */,
				E10040 /* Services */,
				E10050 /* Models */,
				E10060 /* Utils */,
				E10070 /* Resources */,
			);
			path = IronCore;
			sourceTree = "<group>";
		};
		E10010 /* App */ = {
			isa = PBXGroup;
			children = (
				B10001 /* IronCoreApp.swift */,
				B10002 /* RootView.swift */,
			);
			path = App;
			sourceTree = "<group>";
		};
		E10020 /* Views */ = {
			isa = PBXGroup;
			children = (
				E10021 /* Auth */,
				E10022 /* Onboarding */,
				E10023 /* Main */,
			);
			path = Views;
			sourceTree = "<group>";
		};
		E10021 /* Auth */ = {
			isa = PBXGroup;
			children = (
				B10010 /* LoginView.swift */,
			);
			path = Auth;
			sourceTree = "<group>";
		};
		E10022 /* Onboarding */ = {
			isa = PBXGroup;
			children = (
				B10011 /* OnboardingView.swift */,
			);
			path = Onboarding;
			sourceTree = "<group>";
		};
		E10023 /* Main */ = {
			isa = PBXGroup;
			children = (
				B10012 /* MainTabView.swift */,
				B10017 /* DashboardView.swift */,
				B10020 /* WorkoutView.swift */,
				B10022 /* NutritionView.swift */,
			);
			path = Main;
			sourceTree = "<group>";
		};
		E10030 /* ViewModels */ = {
			isa = PBXGroup;
			children = (
				B10008 /* AuthViewModel.swift */,
				B10009 /* OnboardingViewModel.swift */,
				B10015 /* PremiumViewModel.swift */,
				B10016 /* DashboardViewModel.swift */,
				B10019 /* WorkoutViewModel.swift */,
			);
			path = ViewModels;
			sourceTree = "<group>";
		};
		E10040 /* Services */ = {
			isa = PBXGroup;
			children = (
				B10006 /* AuthService.swift */,
				B10007 /* FirestoreService.swift */,
				B10014 /* StoreKitService.swift */,
			);
			path = Services;
			sourceTree = "<group>";
		};
		E10050 /* Models */ = {
			isa = PBXGroup;
			children = (
				B10005 /* UserProfile.swift */,
				B10018 /* ExerciseDB.swift */,
			);
			path = Models;
			sourceTree = "<group>";
		};
		E10060 /* Utils */ = {
			isa = PBXGroup;
			children = (
				B10003 /* Colors.swift */,
				B10004 /* GlassModifiers.swift */,
			);
			path = Utils;
			sourceTree = "<group>";
		};
		E10070 /* Resources */ = {
			isa = PBXGroup;
			children = (
				B10013 /* GoogleService-Info.plist */,
			);
			path = Resources;
			sourceTree = "<group>";
		};
		E10099 /* Products */ = {
			isa = PBXGroup;
			children = (
				B10000 /* IronCore.app */,
			);
			name = Products;
			sourceTree = "<group>";
		};
/* End PBXGroup section */

/* Begin PBXNativeTarget section */
		F10001 /* IronCore */ = {
			isa = PBXNativeTarget;
			buildConfigurationList = G10003;
			buildPhases = (
				F10002 /* Sources */,
				D10001 /* Frameworks */,
				F10003 /* Resources */,
			);
			buildRules = (
			);
			dependencies = (
			);
			name = IronCore;
			packageProductDependencies = (
				C20001 /* FirebaseAuth */,
				C20002 /* FirebaseFirestore */,
				C20003 /* FirebaseStorage */,
				C20004 /* FirebaseFunctions */,
			);
			productName = IronCore;
			productReference = B10000 /* IronCore.app */;
			productType = "com.apple.product-type.application";
		};
/* End PBXNativeTarget section */

/* Begin PBXProject section */
		F20001 /* Project object */ = {
			isa = PBXProject;
			attributes = {
				BuildIndependentTargetsInParallel = 1;
				LastSwiftUpdateCheck = 1600;
				LastUpgradeCheck = 1600;
				TargetAttributes = {
					F10001 = {
						CreatedOnToolsVersion = 16.0;
					};
				};
			};
			buildConfigurationList = G10001;
			compatibilityVersion = "Xcode 14.0";
			developmentRegion = en;
			hasScannedForEncodings = 0;
			knownRegions = (
				en,
				Base,
			);
			mainGroup = E10000;
			packageReferences = (
				P10001 /* XCRemoteSwiftPackageReference "firebase-ios-sdk" */,
			);
			productRefGroup = E10099 /* Products */;
			projectDirPath = "";
			projectRoot = "";
			targets = (
				F10001 /* IronCore */,
			);
		};
/* End PBXProject section */

/* Begin PBXResourcesBuildPhase section */
		F10003 /* Resources */ = {
			isa = PBXResourcesBuildPhase;
			buildActionMask = 2147483647;
			files = (
				A10013 /* GoogleService-Info.plist in Resources */,
			);
			runOnlyForDeploymentPostprocessing = 0;
		};
/* End PBXResourcesBuildPhase section */

/* Begin PBXSourcesBuildPhase section */
		F10002 /* Sources */ = {
			isa = PBXSourcesBuildPhase;
			buildActionMask = 2147483647;
			files = (
				A10001 /* IronCoreApp.swift in Sources */,
				A10002 /* RootView.swift in Sources */,
				A10003 /* Colors.swift in Sources */,
				A10004 /* GlassModifiers.swift in Sources */,
				A10005 /* UserProfile.swift in Sources */,
				A10006 /* AuthService.swift in Sources */,
				A10007 /* FirestoreService.swift in Sources */,
				A10008 /* AuthViewModel.swift in Sources */,
				A10009 /* OnboardingViewModel.swift in Sources */,
				A10010 /* LoginView.swift in Sources */,
				A10011 /* OnboardingView.swift in Sources */,
				A10012 /* MainTabView.swift in Sources */,
				A10014 /* StoreKitService.swift in Sources */,
				A10015 /* PremiumViewModel.swift in Sources */,
				A10016 /* DashboardViewModel.swift in Sources */,
				A10017 /* DashboardView.swift in Sources */,
				A10018 /* ExerciseDB.swift in Sources */,
				A10019 /* WorkoutViewModel.swift in Sources */,
				A10020 /* WorkoutView.swift in Sources */,
			);
			runOnlyForDeploymentPostprocessing = 0;
		};
/* End PBXSourcesBuildPhase section */

/* Begin XCBuildConfiguration section */
		G10010 /* Debug */ = {
			isa = XCBuildConfiguration;
			buildSettings = {
				ALWAYS_SEARCH_USER_PATHS = NO;
				ASSETCATALOG_COMPILER_GENERATE_SWIFT_ASSET_SYMBOL_EXTENSIONS = YES;
				CLANG_ANALYZER_NONNULL = YES;
				CLANG_ANALYZER_NUMBER_OBJECT_CONVERSION = YES_AGGRESSIVE;
				CLANG_CXX_LANGUAGE_STANDARD = "gnu++20";
				CLANG_ENABLE_MODULES = YES;
				CLANG_ENABLE_OBJC_ARC = YES;
				CLANG_ENABLE_OBJC_WEAK = YES;
				CLANG_WARN_BLOCK_CAPTURE_AUTORELEASING = YES;
				CLANG_WARN_BOOL_CONVERSION = YES;
				CLANG_WARN_COMMA = YES;
				CLANG_WARN_CONSTANT_CONVERSION = YES;
				CLANG_WARN_DEPRECATED_OBJC_IMPLEMENTATIONS = YES;
				CLANG_WARN_DIRECT_OBJC_ISA_USAGE = YES_ERROR;
				CLANG_WARN_DOCUMENTATION_COMMENTS = YES;
				CLANG_WARN_EMPTY_BODY = YES;
				CLANG_WARN_ENUM_CONVERSION = YES;
				CLANG_WARN_INFINITE_RECURSION = YES;
				CLANG_WARN_INT_CONVERSION = YES;
				CLANG_WARN_NON_LITERAL_NULL_CONVERSION = YES;
				CLANG_WARN_OBJC_IMPLICIT_RETAIN_SELF = YES;
				CLANG_WARN_OBJC_LITERAL_CONVERSION = YES;
				CLANG_WARN_OBJC_ROOT_CLASS = YES_ERROR;
				CLANG_WARN_QUOTED_INCLUDE_IN_FRAMEWORK_HEADER = YES;
				CLANG_WARN_RANGE_LOOP_ANALYSIS = YES;
				CLANG_WARN_STRICT_PROTOTYPES = YES;
				CLANG_WARN_SUSPICIOUS_MOVE = YES;
				CLANG_WARN_UNGUARDED_AVAILABILITY = YES_AGGRESSIVE;
				CLANG_WARN_UNREACHABLE_CODE = YES;
				CLANG_WARN__DUPLICATE_METHOD_MATCH = YES;
				COPY_PHASE_STRIP = NO;
				DEBUG_INFORMATION_FORMAT = dwarf;
				ENABLE_STRICT_OBJC_MSGSEND = YES;
				ENABLE_TESTABILITY = YES;
				ENABLE_USER_SCRIPT_SANDBOXING = YES;
				GCC_C_LANGUAGE_STANDARD = gnu17;
				GCC_DYNAMIC_NO_PIC = NO;
				GCC_NO_COMMON_BLOCKS = YES;
				GCC_OPTIMIZATION_LEVEL = 0;
				GCC_PREPROCESSOR_DEFINITIONS = (
					"DEBUG=1",
					"$(inherited)",
				);
				GCC_WARN_64_TO_32_BIT_CONVERSION = YES;
				GCC_WARN_ABOUT_RETURN_TYPE = YES_ERROR;
				GCC_WARN_UNDECLARED_SELECTOR = YES;
				GCC_WARN_UNINITIALIZED_AUTOS = YES_AGGRESSIVE;
				GCC_WARN_UNUSED_FUNCTION = YES;
				GCC_WARN_UNUSED_VARIABLE = YES;
				IPHONEOS_DEPLOYMENT_TARGET = 17.0;
				MTL_ENABLE_DEBUG_INFO = INCLUDE_SOURCE;
				MTL_FAST_MATH = YES;
				ONLY_ACTIVE_ARCH = YES;
				SDKROOT = iphoneos;
				SWIFT_ACTIVE_COMPILATION_CONDITIONS = "DEBUG $(inherited)";
				SWIFT_OPTIMIZATION_LEVEL = "-Onone";
			};
			name = Debug;
		};
		G10011 /* Release */ = {
			isa = XCBuildConfiguration;
			buildSettings = {
				ALWAYS_SEARCH_USER_PATHS = NO;
				ASSETCATALOG_COMPILER_GENERATE_SWIFT_ASSET_SYMBOL_EXTENSIONS = YES;
				CLANG_ANALYZER_NONNULL = YES;
				CLANG_ANALYZER_NUMBER_OBJECT_CONVERSION = YES_AGGRESSIVE;
				CLANG_CXX_LANGUAGE_STANDARD = "gnu++20";
				CLANG_ENABLE_MODULES = YES;
				CLANG_ENABLE_OBJC_ARC = YES;
				CLANG_ENABLE_OBJC_WEAK = YES;
				CLANG_WARN_BLOCK_CAPTURE_AUTORELEASING = YES;
				CLANG_WARN_BOOL_CONVERSION = YES;
				CLANG_WARN_COMMA = YES;
				CLANG_WARN_CONSTANT_CONVERSION = YES;
				CLANG_WARN_DEPRECATED_OBJC_IMPLEMENTATIONS = YES;
				CLANG_WARN_DIRECT_OBJC_ISA_USAGE = YES_ERROR;
				CLANG_WARN_DOCUMENTATION_COMMENTS = YES;
				CLANG_WARN_EMPTY_BODY = YES;
				CLANG_WARN_ENUM_CONVERSION = YES;
				CLANG_WARN_INFINITE_RECURSION = YES;
				CLANG_WARN_INT_CONVERSION = YES;
				CLANG_WARN_NON_LITERAL_NULL_CONVERSION = YES;
				CLANG_WARN_OBJC_IMPLICIT_RETAIN_SELF = YES;
				CLANG_WARN_OBJC_LITERAL_CONVERSION = YES;
				CLANG_WARN_OBJC_ROOT_CLASS = YES_ERROR;
				CLANG_WARN_QUOTED_INCLUDE_IN_FRAMEWORK_HEADER = YES;
				CLANG_WARN_RANGE_LOOP_ANALYSIS = YES;
				CLANG_WARN_STRICT_PROTOTYPES = YES;
				CLANG_WARN_SUSPICIOUS_MOVE = YES;
				CLANG_WARN_UNGUARDED_AVAILABILITY = YES_AGGRESSIVE;
				CLANG_WARN_UNREACHABLE_CODE = YES;
				CLANG_WARN__DUPLICATE_METHOD_MATCH = YES;
				COPY_PHASE_STRIP = NO;
				DEBUG_INFORMATION_FORMAT = "dwarf-with-dsym";
				ENABLE_NS_ASSERTIONS = NO;
				ENABLE_STRICT_OBJC_MSGSEND = YES;
				ENABLE_USER_SCRIPT_SANDBOXING = YES;
				GCC_C_LANGUAGE_STANDARD = gnu17;
				GCC_NO_COMMON_BLOCKS = YES;
				GCC_WARN_64_TO_32_BIT_CONVERSION = YES;
				GCC_WARN_ABOUT_RETURN_TYPE = YES_ERROR;
				GCC_WARN_UNDECLARED_SELECTOR = YES;
				GCC_WARN_UNINITIALIZED_AUTOS = YES_AGGRESSIVE;
				GCC_WARN_UNUSED_FUNCTION = YES;
				GCC_WARN_UNUSED_VARIABLE = YES;
				IPHONEOS_DEPLOYMENT_TARGET = 17.0;
				MTL_ENABLE_DEBUG_INFO = NO;
				MTL_FAST_MATH = YES;
				SDKROOT = iphoneos;
				SWIFT_COMPILATION_MODE = wholemodule;
				VALIDATE_PRODUCT = YES;
			};
			name = Release;
		};
		G10020 /* Debug */ = {
			isa = XCBuildConfiguration;
			buildSettings = {
				ASSETCATALOG_COMPILER_APPICON_NAME = AppIcon;
				ASSETCATALOG_COMPILER_GLOBAL_ACCENT_COLOR_NAME = AccentColor;
				CODE_SIGN_ENTITLEMENTS = IronCore/IronCore.entitlements;
				CODE_SIGN_STYLE = Automatic;
				CURRENT_PROJECT_VERSION = 1;
				DEVELOPMENT_TEAM = "";
				GENERATE_INFOPLIST_FILE = YES;
				INFOPLIST_FILE = IronCore/Info.plist;
				INFOPLIST_KEY_CFBundleDisplayName = IronCore;
				INFOPLIST_KEY_UIApplicationSceneManifest_Generation = YES;
				INFOPLIST_KEY_UIApplicationSupportsIndirectInputEvents = YES;
				INFOPLIST_KEY_UILaunchScreen_Generation = YES;
				INFOPLIST_KEY_UISupportedInterfaceOrientations = UIInterfaceOrientationPortrait;
				INFOPLIST_KEY_UISupportedInterfaceOrientations_iPad = "UIInterfaceOrientationPortrait UIInterfaceOrientationPortraitUpsideDown UIInterfaceOrientationLandscapeLeft UIInterfaceOrientationLandscapeRight";
				LD_RUNPATH_SEARCH_PATHS = (
					"$(inherited)",
					"@executable_path/Frameworks",
				);
				MARKETING_VERSION = 1.0.0;
				PRODUCT_BUNDLE_IDENTIFIER = com.ironcore.fit;
				PRODUCT_NAME = "$(TARGET_NAME)";
				SUPPORTED_PLATFORMS = "iphoneos iphonesimulator";
				SUPPORTS_MACCATALYST = NO;
				SWIFT_EMIT_LOC_STRINGS = YES;
				SWIFT_VERSION = 5.0;
				TARGETED_DEVICE_FAMILY = "1,2";
			};
			name = Debug;
		};
		G10021 /* Release */ = {
			isa = XCBuildConfiguration;
			buildSettings = {
				ASSETCATALOG_COMPILER_APPICON_NAME = AppIcon;
				ASSETCATALOG_COMPILER_GLOBAL_ACCENT_COLOR_NAME = AccentColor;
				CODE_SIGN_ENTITLEMENTS = IronCore/IronCore.entitlements;
				CODE_SIGN_STYLE = Automatic;
				CURRENT_PROJECT_VERSION = 1;
				DEVELOPMENT_TEAM = "";
				GENERATE_INFOPLIST_FILE = YES;
				INFOPLIST_FILE = IronCore/Info.plist;
				INFOPLIST_KEY_CFBundleDisplayName = IronCore;
				INFOPLIST_KEY_UIApplicationSceneManifest_Generation = YES;
				INFOPLIST_KEY_UIApplicationSupportsIndirectInputEvents = YES;
				INFOPLIST_KEY_UILaunchScreen_Generation = YES;
				INFOPLIST_KEY_UISupportedInterfaceOrientations = UIInterfaceOrientationPortrait;
				INFOPLIST_KEY_UISupportedInterfaceOrientations_iPad = "UIInterfaceOrientationPortrait UIInterfaceOrientationPortraitUpsideDown UIInterfaceOrientationLandscapeLeft UIInterfaceOrientationLandscapeRight";
				LD_RUNPATH_SEARCH_PATHS = (
					"$(inherited)",
					"@executable_path/Frameworks",
				);
				MARKETING_VERSION = 1.0.0;
				PRODUCT_BUNDLE_IDENTIFIER = com.ironcore.fit;
				PRODUCT_NAME = "$(TARGET_NAME)";
				SUPPORTED_PLATFORMS = "iphoneos iphonesimulator";
				SUPPORTS_MACCATALYST = NO;
				SWIFT_EMIT_LOC_STRINGS = YES;
				SWIFT_VERSION = 5.0;
				TARGETED_DEVICE_FAMILY = "1,2";
			};
			name = Release;
		};
/* End XCBuildConfiguration section */

/* Begin XCConfigurationList section */
		G10001 /* Build configuration list for PBXProject "IronCore" */ = {
			isa = XCConfigurationList;
			buildConfigurations = (
				G10010 /* Debug */,
				G10011 /* Release */,
			);
			defaultConfigurationIsVisible = 0;
			defaultConfigurationName = Release;
		};
		G10003 /* Build configuration list for PBXNativeTarget "IronCore" */ = {
			isa = XCConfigurationList;
			buildConfigurations = (
				G10020 /* Debug */,
				G10021 /* Release */,
			);
			defaultConfigurationIsVisible = 0;
			defaultConfigurationName = Release;
		};
/* End XCConfigurationList section */

/* Begin XCRemoteSwiftPackageReference section */
		P10001 /* XCRemoteSwiftPackageReference "firebase-ios-sdk" */ = {
			isa = XCRemoteSwiftPackageReference;
			repositoryURL = "https://github.com/firebase/firebase-ios-sdk";
			requirement = {
				kind = upToNextMajorVersion;
				minimumVersion = 11.0.0;
			};
		};
/* End XCRemoteSwiftPackageReference section */

/* Begin XCSwiftPackageProductDependency section */
		C20001 /* FirebaseAuth */ = {
			isa = XCSwiftPackageProductDependency;
			package = P10001;
			productName = FirebaseAuth;
		};
		C20002 /* FirebaseFirestore */ = {
			isa = XCSwiftPackageProductDependency;
			package = P10001;
			productName = FirebaseFirestore;
		};
		C20003 /* FirebaseStorage */ = {
			isa = XCSwiftPackageProductDependency;
			package = P10001;
			productName = FirebaseStorage;
		};
		C20004 /* FirebaseFunctions */ = {
			isa = XCSwiftPackageProductDependency;
			package = P10001;
			productName = FirebaseFunctions;
		};
/* End XCSwiftPackageProductDependency section */
	};
	rootObject = F20001 /* Project object */;
}
